
Microsoft Visual Studio Solution File, Format Version 12.00
# Visual Studio Version 16
VisualStudioVersion = 16.0.32428.217
MinimumVisualStudioVersion = 10.0.40219.1
Project("{FAE04EC0-301F-11D3-BF4B-00C04F79EFBC}") = "Lab1_Bai2", "Lab1_Bai2\Lab1_Bai2.csproj", "{D2CB1AB7-AF00-45C9-B83C-9CFC71560F06}"
EndProject
Global
	GlobalSection(SolutionConfigurationPlatforms) = preSolution
		Debug|Any CPU = Debug|Any CPU
		Release|Any CPU = Release|Any CPU
	EndGlobalSection
	GlobalSection(ProjectConfigurationPlatforms) = postSolution
		{D2CB1AB7-AF00-45C9-B83C-9CFC71560F06}.Debug|Any CPU.ActiveCfg = Debug|Any CPU
		{D2CB1AB7-AF00-45C9-B83C-9CFC71560F06}.Debug|Any CPU.Build.0 = Debug|Any CPU
		{D2CB1AB7-AF00-45C9-B83C-9CFC71560F06}.Release|Any CPU.ActiveCfg = Release|Any CPU
		{D2CB1AB7-AF00-45C9-B83C-9CFC71560F06}.Release|Any CPU.Build.0 = Release|Any CPU
	EndGlobalSection
	GlobalSection(SolutionProperties) = preSolution
		HideSolutionNode = FALSE
	EndGlobalSection
	GlobalSection(ExtensibilityGlobals) = postSolution
		SolutionGuid = {53292C20-65D2-4D19-B9CF-C77DCBC768B5}
	EndGlobalSection
EndGlobal
