
Microsoft Visual Studio Solution File, Format Version 12.00
# Visual Studio Version 16
VisualStudioVersion = 16.0.32428.217
MinimumVisualStudioVersion = 10.0.40219.1
Project("{FAE04EC0-301F-11D3-BF4B-00C04F79EFBC}") = "BaiTapWindowsForm", "BaiTapWindowsForm\BaiTapWindowsForm.csproj", "{2C601075-742B-4BF8-8C17-F1393EA1A245}"
EndProject
Global
	GlobalSection(SolutionConfigurationPlatforms) = preSolution
		Debug|Any CPU = Debug|Any CPU
		Release|Any CPU = Release|Any CPU
	EndGlobalSection
	GlobalSection(ProjectConfigurationPlatforms) = postSolution
		{2C601075-742B-4BF8-8C17-F1393EA1A245}.Debug|Any CPU.ActiveCfg = Debug|Any CPU
		{2C601075-742B-4BF8-8C17-F1393EA1A245}.Debug|Any CPU.Build.0 = Debug|Any CPU
		{2C601075-742B-4BF8-8C17-F1393EA1A245}.Release|Any CPU.ActiveCfg = Release|Any CPU
		{2C601075-742B-4BF8-8C17-F1393EA1A245}.Release|Any CPU.Build.0 = Release|Any CPU
	EndGlobalSection
	GlobalSection(SolutionProperties) = preSolution
		HideSolutionNode = FALSE
	EndGlobalSection
	GlobalSection(ExtensibilityGlobals) = postSolution
		SolutionGuid = {EAE2238F-4673-47FE-9482-11112AD333A2}
	EndGlobalSection
EndGlobal
